
Microsoft Visual Studio Solution File, Format Version 12.00
# Visual Studio Version 17
VisualStudioVersion = 17.0.32112.339
MinimumVisualStudioVersion = 10.0.40219.1
Project("{9A19103F-16F7-4668-BE54-9A1E7A4F7556}") = "LeapYearTest", "LeapYearTest\LeapYearTest.csproj", "{87FC3005-1441-4A34-A08F-2CB611F2A107}"
EndProject
Project("{FAE04EC0-301F-11D3-BF4B-00C04F79EFBC}") = "LeapYear", "LeapYear\LeapYear.csproj", "{C5089F75-7B64-4446-8C92-58A4DBD7B511}"
EndProject
Global
	GlobalSection(SolutionConfigurationPlatforms) = preSolution
		Debug|Any CPU = Debug|Any CPU
		Release|Any CPU = Release|Any CPU
	EndGlobalSection
	GlobalSection(ProjectConfigurationPlatforms) = postSolution
		{87FC3005-1441-4A34-A08F-2CB611F2A107}.Debug|Any CPU.ActiveCfg = Debug|Any CPU
		{87FC3005-1441-4A34-A08F-2CB611F2A107}.Debug|Any CPU.Build.0 = Debug|Any CPU
		{87FC3005-1441-4A34-A08F-2CB611F2A107}.Release|Any CPU.ActiveCfg = Release|Any CPU
		{87FC3005-1441-4A34-A08F-2CB611F2A107}.Release|Any CPU.Build.0 = Release|Any CPU
		{C5089F75-7B64-4446-8C92-58A4DBD7B511}.Debug|Any CPU.ActiveCfg = Debug|Any CPU
		{C5089F75-7B64-4446-8C92-58A4DBD7B511}.Debug|Any CPU.Build.0 = Debug|Any CPU
		{C5089F75-7B64-4446-8C92-58A4DBD7B511}.Release|Any CPU.ActiveCfg = Release|Any CPU
		{C5089F75-7B64-4446-8C92-58A4DBD7B511}.Release|Any CPU.Build.0 = Release|Any CPU
	EndGlobalSection
	GlobalSection(SolutionProperties) = preSolution
		HideSolutionNode = FALSE
	EndGlobalSection
	GlobalSection(ExtensibilityGlobals) = postSolution
		SolutionGuid = {53463E0E-5663-408D-A5DF-3814E0B8D813}
	EndGlobalSection
EndGlobal
